
Microsoft Visual Studio Solution File, Format Version 12.00
# Visual Studio Version 16
VisualStudioVersion = 16.0.30804.86
MinimumVisualStudioVersion = 10.0.40219.1
Project("{FAE04EC0-301F-11D3-BF4B-00C04F79EFBC}") = "CaptainTravel", "CaptainTravel\CaptainTravel.csproj", "{496A9817-DEF0-4CA3-A591-778F6DFDE21D}"
EndProject
Global
	GlobalSection(SolutionConfigurationPlatforms) = preSolution
		Debug|Any CPU = Debug|Any CPU
		Release|Any CPU = Release|Any CPU
	EndGlobalSection
	GlobalSection(ProjectConfigurationPlatforms) = postSolution
		{496A9817-DEF0-4CA3-A591-778F6DFDE21D}.Debug|Any CPU.ActiveCfg = Debug|Any CPU
		{496A9817-DEF0-4CA3-A591-778F6DFDE21D}.Debug|Any CPU.Build.0 = Debug|Any CPU
		{496A9817-DEF0-4CA3-A591-778F6DFDE21D}.Release|Any CPU.ActiveCfg = Release|Any CPU
		{496A9817-DEF0-4CA3-A591-778F6DFDE21D}.Release|Any CPU.Build.0 = Release|Any CPU
	EndGlobalSection
	GlobalSection(SolutionProperties) = preSolution
		HideSolutionNode = FALSE
	EndGlobalSection
	GlobalSection(ExtensibilityGlobals) = postSolution
		SolutionGuid = {CB6A66D3-C987-4D6C-A5D5-3A8CEAC01028}
	EndGlobalSection
EndGlobal
